
Microsoft Visual Studio Solution File, Format Version 12.00
# Visual Studio Version 16
VisualStudioVersion = 16.0.30114.128
MinimumVisualStudioVersion = 10.0.40219.1
Project("{FAE04EC0-301F-11D3-BF4B-00C04F79EFBC}") = "WebApp", "WebApp.csproj", "{63F8655C-C3B3-4EE7-A834-B60164A93452}"
EndProject
Global
	GlobalSection(SolutionConfigurationPlatforms) = preSolution
		Debug|Any CPU = Debug|Any CPU
		Release|Any CPU = Release|Any CPU
	EndGlobalSection
	GlobalSection(ProjectConfigurationPlatforms) = postSolution
		{63F8655C-C3B3-4EE7-A834-B60164A93452}.Debug|Any CPU.ActiveCfg = Debug|Any CPU
		{63F8655C-C3B3-4EE7-A834-B60164A93452}.Debug|Any CPU.Build.0 = Debug|Any CPU
		{63F8655C-C3B3-4EE7-A834-B60164A93452}.Release|Any CPU.ActiveCfg = Release|Any CPU
		{63F8655C-C3B3-4EE7-A834-B60164A93452}.Release|Any CPU.Build.0 = Release|Any CPU
	EndGlobalSection
	GlobalSection(SolutionProperties) = preSolution
		HideSolutionNode = FALSE
	EndGlobalSection
	GlobalSection(ExtensibilityGlobals) = postSolution
		SolutionGuid = {4E0F8E85-820B-4BE6-9109-DFF6051202F0}
	EndGlobalSection
EndGlobal
